
Microsoft Visual Studio Solution File, Format Version 12.00
# Visual Studio Version 16
VisualStudioVersion = 16.0.30204.135
MinimumVisualStudioVersion = 10.0.40219.1
Project("{9A19103F-16F7-4668-BE54-9A1E7A4F7556}") = "ScenesApi", "api\ScenesApi.csproj", "{05C925B0-E6B0-4907-AC43-7BC600D1C628}"
EndProject
Project("{9A19103F-16F7-4668-BE54-9A1E7A4F7556}") = "Pecanha.Repository", "Pecanha.Repository\Pecanha.Repository.csproj", "{D51D14AC-7871-409A-8A8B-B85153C69826}"
EndProject
Project("{9A19103F-16F7-4668-BE54-9A1E7A4F7556}") = "Pecanha.Domain", "Pecanha.Domain\Pecanha.Domain.csproj", "{3A098058-EA05-42B1-819A-EA5A7FC964E1}"
EndProject
Project("{9A19103F-16F7-4668-BE54-9A1E7A4F7556}") = "Pecanha.Service", "Pecanha.Service\Pecanha.Service.csproj", "{D0A9515E-2B2D-4EDB-98E6-09AC56431C7F}"
	ProjectSection(ProjectDependencies) = postProject
		{D51D14AC-7871-409A-8A8B-B85153C69826} = {D51D14AC-7871-409A-8A8B-B85153C69826}
	EndProjectSection
EndProject
Global
	GlobalSection(SolutionConfigurationPlatforms) = preSolution
		Debug|Any CPU = Debug|Any CPU
		Release|Any CPU = Release|Any CPU
	EndGlobalSection
	GlobalSection(ProjectConfigurationPlatforms) = postSolution
		{05C925B0-E6B0-4907-AC43-7BC600D1C628}.Debug|Any CPU.ActiveCfg = Debug|Any CPU
		{05C925B0-E6B0-4907-AC43-7BC600D1C628}.Debug|Any CPU.Build.0 = Debug|Any CPU
		{05C925B0-E6B0-4907-AC43-7BC600D1C628}.Release|Any CPU.ActiveCfg = Release|Any CPU
		{05C925B0-E6B0-4907-AC43-7BC600D1C628}.Release|Any CPU.Build.0 = Release|Any CPU
		{D51D14AC-7871-409A-8A8B-B85153C69826}.Debug|Any CPU.ActiveCfg = Debug|Any CPU
		{D51D14AC-7871-409A-8A8B-B85153C69826}.Debug|Any CPU.Build.0 = Debug|Any CPU
		{D51D14AC-7871-409A-8A8B-B85153C69826}.Release|Any CPU.ActiveCfg = Release|Any CPU
		{D51D14AC-7871-409A-8A8B-B85153C69826}.Release|Any CPU.Build.0 = Release|Any CPU
		{3A098058-EA05-42B1-819A-EA5A7FC964E1}.Debug|Any CPU.ActiveCfg = Debug|Any CPU
		{3A098058-EA05-42B1-819A-EA5A7FC964E1}.Debug|Any CPU.Build.0 = Debug|Any CPU
		{3A098058-EA05-42B1-819A-EA5A7FC964E1}.Release|Any CPU.ActiveCfg = Release|Any CPU
		{3A098058-EA05-42B1-819A-EA5A7FC964E1}.Release|Any CPU.Build.0 = Release|Any CPU
		{D0A9515E-2B2D-4EDB-98E6-09AC56431C7F}.Debug|Any CPU.ActiveCfg = Debug|Any CPU
		{D0A9515E-2B2D-4EDB-98E6-09AC56431C7F}.Debug|Any CPU.Build.0 = Debug|Any CPU
		{D0A9515E-2B2D-4EDB-98E6-09AC56431C7F}.Release|Any CPU.ActiveCfg = Release|Any CPU
		{D0A9515E-2B2D-4EDB-98E6-09AC56431C7F}.Release|Any CPU.Build.0 = Release|Any CPU
	EndGlobalSection
	GlobalSection(SolutionProperties) = preSolution
		HideSolutionNode = FALSE
	EndGlobalSection
	GlobalSection(ExtensibilityGlobals) = postSolution
		SolutionGuid = {62F2A90E-5760-4A72-BED2-0C343DDE33B8}
	EndGlobalSection
EndGlobal
